// !$*UTF8*$!
{
	archiveVersion = 1;
	classes = {
	};
	objectVersion = 50;
	objects = {

/* Begin PBXBuildFile section */
		2236B17727631EB4002502B6 /* KaranViewController.swift in Sources */ = {isa = PBXBuildFile; fileRef = 2236B17627631EB4002502B6 /* KaranViewController.swift */; };
		2236B17927632256002502B6 /* Karan2ViewController.swift in Sources */ = {isa = PBXBuildFile; fileRef = 2236B17827632256002502B6 /* Karan2ViewController.swift */; };
		2236B17D27632BE2002502B6 /* Karan121ViewController.swift in Sources */ = {isa = PBXBuildFile; fileRef = 2236B17C27632BE2002502B6 /* Karan121ViewController.swift */; };
		227B922F275F271A00F829A8 /* AppDelegate.swift in Sources */ = {isa = PBXBuildFile; fileRef = 227B922E275F271A00F829A8 /* AppDelegate.swift */; };
		227B9231275F271A00F829A8 /* SceneDelegate.swift in Sources */ = {isa = PBXBuildFile; fileRef = 227B9230275F271A00F829A8 /* SceneDelegate.swift */; };
		227B9233275F271A00F829A8 /* ViewController.swift in Sources */ = {isa = PBXBuildFile; fileRef = 227B9232275F271A00F829A8 /* ViewController.swift */; };
		227B9236275F271A00F829A8 /* Main.storyboard in Resources */ = {isa = PBXBuildFile; fileRef = 227B9234275F271A00F829A8 /* Main.storyboard */; };
		227B9238275F271E00F829A8 /* Assets.xcassets in Resources */ = {isa = PBXBuildFile; fileRef = 227B9237275F271E00F829A8 /* Assets.xcassets */; };
		227B923B275F271E00F829A8 /* LaunchScreen.storyboard in Resources */ = {isa = PBXBuildFile; fileRef = 227B9239275F271E00F829A8 /* LaunchScreen.storyboard */; };
		887E000A276316F000F09B43 /* DemoViewController.swift in Sources */ = {isa = PBXBuildFile; fileRef = 887E0009276316F000F09B43 /* DemoViewController.swift */; };
		887E001127631A7D00F09B43 /* TestViewController.swift in Sources */ = {isa = PBXBuildFile; fileRef = 887E001027631A7D00F09B43 /* TestViewController.swift */; };
		887E001927631FBC00F09B43 /* NewViewController.swift in Sources */ = {isa = PBXBuildFile; fileRef = 887E001827631FBC00F09B43 /* NewViewController.swift */; };
		887E002D27632BA000F09B43 /* LoginViewController.swift in Sources */ = {isa = PBXBuildFile; fileRef = 887E002C27632BA000F09B43 /* LoginViewController.swift */; };
		887E003427632F0500F09B43 /* Test1ViewController.swift in Sources */ = {isa = PBXBuildFile; fileRef = 887E003327632F0500F09B43 /* Test1ViewController.swift */; };
/* End PBXBuildFile section */

/* Begin PBXFileReference section */
		2236B17627631EB4002502B6 /* KaranViewController.swift */ = {isa = PBXFileReference; lastKnownFileType = sourcecode.swift; path = KaranViewController.swift; sourceTree = "<group>"; };
		2236B17827632256002502B6 /* Karan2ViewController.swift */ = {isa = PBXFileReference; lastKnownFileType = sourcecode.swift; path = Karan2ViewController.swift; sourceTree = "<group>"; };
		2236B17C27632BE2002502B6 /* Karan121ViewController.swift */ = {isa = PBXFileReference; lastKnownFileType = sourcecode.swift; path = Karan121ViewController.swift; sourceTree = "<group>"; };
		227B922B275F271A00F829A8 /* FaceID TouchID.app */ = {isa = PBXFileReference; explicitFileType = wrapper.application; includeInIndex = 0; path = "FaceID TouchID.app"; sourceTree = BUILT_PRODUCTS_DIR; };
		227B922E275F271A00F829A8 /* AppDelegate.swift */ = {isa = PBXFileReference; lastKnownFileType = sourcecode.swift; path = AppDelegate.swift; sourceTree = "<group>"; };
		227B9230275F271A00F829A8 /* SceneDelegate.swift */ = {isa = PBXFileReference; lastKnownFileType = sourcecode.swift; path = SceneDelegate.swift; sourceTree = "<group>"; };
		227B9232275F271A00F829A8 /* ViewController.swift */ = {isa = PBXFileReference; lastKnownFileType = sourcecode.swift; path = ViewController.swift; sourceTree = "<group>"; };
		227B9235275F271A00F829A8 /* Base */ = {isa = PBXFileReference; lastKnownFileType = file.storyboard; name = Base; path = Base.lproj/Main.storyboard; sourceTree = "<group>"; };
		227B9237275F271E00F829A8 /* Assets.xcassets */ = {isa = PBXFileReference; lastKnownFileType = folder.assetcatalog; path = Assets.xcassets; sourceTree = "<group>"; };
		227B923A275F271E00F829A8 /* Base */ = {isa = PBXFileReference; lastKnownFileType = file.storyboard; name = Base; path = Base.lproj/LaunchScreen.storyboard; sourceTree = "<group>"; };
		227B923C275F271E00F829A8 /* Info.plist */ = {isa = PBXFileReference; lastKnownFileType = text.plist.xml; path = Info.plist; sourceTree = "<group>"; };
		887E0009276316F000F09B43 /* DemoViewController.swift */ = {isa = PBXFileReference; lastKnownFileType = sourcecode.swift; path = DemoViewController.swift; sourceTree = "<group>"; };
		887E001027631A7D00F09B43 /* TestViewController.swift */ = {isa = PBXFileReference; lastKnownFileType = sourcecode.swift; path = TestViewController.swift; sourceTree = "<group>"; };
		887E001827631FBC00F09B43 /* NewViewController.swift */ = {isa = PBXFileReference; lastKnownFileType = sourcecode.swift; path = NewViewController.swift; sourceTree = "<group>"; };
		887E002C27632BA000F09B43 /* LoginViewController.swift */ = {isa = PBXFileReference; lastKnownFileType = sourcecode.swift; path = LoginViewController.swift; sourceTree = "<group>"; };
		887E003327632F0500F09B43 /* Test1ViewController.swift */ = {isa = PBXFileReference; lastKnownFileType = sourcecode.swift; path = Test1ViewController.swift; sourceTree = "<group>"; };
/* End PBXFileReference section */

/* Begin PBXFrameworksBuildPhase section */
		227B9228275F271A00F829A8 /* Frameworks */ = {
			isa = PBXFrameworksBuildPhase;
			buildActionMask = 2147483647;
			files = (
			);
			runOnlyForDeploymentPostprocessing = 0;
		};
/* End PBXFrameworksBuildPhase section */

/* Begin PBXGroup section */
		227B9222275F271A00F829A8 = {
			isa = PBXGroup;
			children = (
				227B922D275F271A00F829A8 /* FaceID TouchID */,
				227B922C275F271A00F829A8 /* Products */,
			);
			sourceTree = "<group>";
		};
		227B922C275F271A00F829A8 /* Products */ = {
			isa = PBXGroup;
			children = (
				227B922B275F271A00F829A8 /* FaceID TouchID.app */,
			);
			name = Products;
			sourceTree = "<group>";
		};
		227B922D275F271A00F829A8 /* FaceID TouchID */ = {
			isa = PBXGroup;
			children = (
				227B922E275F271A00F829A8 /* AppDelegate.swift */,
				2236B17627631EB4002502B6 /* KaranViewController.swift */,
				227B9230275F271A00F829A8 /* SceneDelegate.swift */,
				2236B17C27632BE2002502B6 /* Karan121ViewController.swift */,
				2236B17827632256002502B6 /* Karan2ViewController.swift */,
				227B9232275F271A00F829A8 /* ViewController.swift */,
				227B9234275F271A00F829A8 /* Main.storyboard */,
				887E003327632F0500F09B43 /* Test1ViewController.swift */,
				887E002C27632BA000F09B43 /* LoginViewController.swift */,
				887E001827631FBC00F09B43 /* NewViewController.swift */,
				887E001027631A7D00F09B43 /* TestViewController.swift */,
				887E0009276316F000F09B43 /* DemoViewController.swift */,
				227B9237275F271E00F829A8 /* Assets.xcassets */,
				227B9239275F271E00F829A8 /* LaunchScreen.storyboard */,
				227B923C275F271E00F829A8 /* Info.plist */,
			);
			path = "FaceID TouchID";
			sourceTree = "<group>";
		};
/* End PBXGroup section */

/* Begin PBXNativeTarget section */
		227B922A275F271A00F829A8 /* FaceID TouchID */ = {
			isa = PBXNativeTarget;
			buildConfigurationList = 227B923F275F271E00F829A8 /* Build configuration list for PBXNativeTarget "FaceID TouchID" */;
			buildPhases = (
				227B9227275F271A00F829A8 /* Sources */,
				227B9228275F271A00F829A8 /* Frameworks */,
				227B9229275F271A00F829A8 /* Resources */,
			);
			buildRules = (
			);
			dependencies = (
			);
			name = "FaceID TouchID";
			productName = "FaceID TouchID";
			productReference = 227B922B275F271A00F829A8 /* FaceID TouchID.app */;
			productType = "com.apple.product-type.application";
		};
/* End PBXNativeTarget section */

/* Begin PBXProject section */
		227B9223275F271A00F829A8 /* Project object */ = {
			isa = PBXProject;
			attributes = {
				LastSwiftUpdateCheck = 1250;
				LastUpgradeCheck = 1250;
				TargetAttributes = {
					227B922A275F271A00F829A8 = {
						CreatedOnToolsVersion = 12.5.1;
					};
				};
			};
			buildConfigurationList = 227B9226275F271A00F829A8 /* Build configuration list for PBXProject "FaceID TouchID" */;
			compatibilityVersion = "Xcode 9.3";
			developmentRegion = en;
			hasScannedForEncodings = 0;
			knownRegions = (
				en,
				Base,
			);
			mainGroup = 227B9222275F271A00F829A8;
			productRefGroup = 227B922C275F271A00F829A8 /* Products */;
			projectDirPath = "";
			projectRoot = "";
			targets = (
				227B922A275F271A00F829A8 /* FaceID TouchID */,
			);
		};
/* End PBXProject section */

/* Begin PBXResourcesBuildPhase section */
		227B9229275F271A00F829A8 /* Resources */ = {
			isa = PBXResourcesBuildPhase;
			buildActionMask = 2147483647;
			files = (
				227B923B275F271E00F829A8 /* LaunchScreen.storyboard in Resources */,
				227B9238275F271E00F829A8 /* Assets.xcassets in Resources */,
				227B9236275F271A00F829A8 /* Main.storyboard in Resources */,
			);
			runOnlyForDeploymentPostprocessing = 0;
		};
/* End PBXResourcesBuildPhase section */

/* Begin PBXSourcesBuildPhase section */
		227B9227275F271A00F829A8 /* Sources */ = {
			isa = PBXSourcesBuildPhase;
			buildActionMask = 2147483647;
			files = (
				887E002D27632BA000F09B43 /* LoginViewController.swift in Sources */,
				887E001127631A7D00F09B43 /* TestViewController.swift in Sources */,
				887E003427632F0500F09B43 /* Test1ViewController.swift in Sources */,
				887E000A276316F000F09B43 /* DemoViewController.swift in Sources */,
				887E001927631FBC00F09B43 /* NewViewController.swift in Sources */,
				2236B17927632256002502B6 /* Karan2ViewController.swift in Sources */,
				227B9233275F271A00F829A8 /* ViewController.swift in Sources */,
				227B922F275F271A00F829A8 /* AppDelegate.swift in Sources */,
				2236B17727631EB4002502B6 /* KaranViewController.swift in Sources */,
				227B9231275F271A00F829A8 /* SceneDelegate.swift in Sources */,
				2236B17D27632BE2002502B6 /* Karan121ViewController.swift in Sources */,
			);
			runOnlyForDeploymentPostprocessing = 0;
		};
/* End PBXSourcesBuildPhase section */

/* Begin PBXVariantGroup section */
		227B9234275F271A00F829A8 /* Main.storyboard */ = {
			isa = PBXVariantGroup;
			children = (
				227B9235275F271A00F829A8 /* Base */,
			);
			name = Main.storyboard;
			sourceTree = "<group>";
		};
		227B9239275F271E00F829A8 /* LaunchScreen.storyboard */ = {
			isa = PBXVariantGroup;
			children = (
				227B923A275F271E00F829A8 /* Base */,
			);
			name = LaunchScreen.storyboard;
			sourceTree = "<group>";
		};
/* End PBXVariantGroup section */

/* Begin XCBuildConfiguration section */
		227B923D275F271E00F829A8 /* Debug */ = {
			isa = XCBuildConfiguration;
			buildSettings = {
				ALWAYS_SEARCH_USER_PATHS = NO;
				CLANG_ANALYZER_NONNULL = YES;
				CLANG_ANALYZER_NUMBER_OBJECT_CONVERSION = YES_AGGRESSIVE;
				CLANG_CXX_LANGUAGE_STANDARD = "gnu++14";
				CLANG_CXX_LIBRARY = "libc++";
				CLANG_ENABLE_MODULES = YES;
				CLANG_ENABLE_OBJC_ARC = YES;
				CLANG_ENABLE_OBJC_WEAK = YES;
				CLANG_WARN_BLOCK_CAPTURE_AUTORELEASING = YES;
				CLANG_WARN_BOOL_CONVERSION = YES;
				CLANG_WARN_COMMA = YES;
				CLANG_WARN_CONSTANT_CONVERSION = YES;
				CLANG_WARN_DEPRECATED_OBJC_IMPLEMENTATIONS = YES;
				CLANG_WARN_DIRECT_OBJC_ISA_USAGE = YES_ERROR;
				CLANG_WARN_DOCUMENTATION_COMMENTS = YES;
				CLANG_WARN_EMPTY_BODY = YES;
				CLANG_WARN_ENUM_CONVERSION = YES;
				CLANG_WARN_INFINITE_RECURSION = YES;
				CLANG_WARN_INT_CONVERSION = YES;
				CLANG_WARN_NON_LITERAL_NULL_CONVERSION = YES;
				CLANG_WARN_OBJC_IMPLICIT_RETAIN_SELF = YES;
				CLANG_WARN_OBJC_LITERAL_CONVERSION = YES;
				CLANG_WARN_OBJC_ROOT_CLASS = YES_ERROR;
				CLANG_WARN_QUOTED_INCLUDE_IN_FRAMEWORK_HEADER = YES;
				CLANG_WARN_RANGE_LOOP_ANALYSIS = YES;
				CLANG_WARN_STRICT_PROTOTYPES = YES;
				CLANG_WARN_SUSPICIOUS_MOVE = YES;
				CLANG_WARN_UNGUARDED_AVAILABILITY = YES_AGGRESSIVE;
				CLANG_WARN_UNREACHABLE_CODE = YES;
				CLANG_WARN__DUPLICATE_METHOD_MATCH = YES;
				COPY_PHASE_STRIP = NO;
				DEBUG_INFORMATION_FORMAT = dwarf;
				ENABLE_STRICT_OBJC_MSGSEND = YES;
				ENABLE_TESTABILITY = YES;
				GCC_C_LANGUAGE_STANDARD = gnu11;
				GCC_DYNAMIC_NO_PIC = NO;
				GCC_NO_COMMON_BLOCKS = YES;
				GCC_OPTIMIZATION_LEVEL = 0;
				GCC_PREPROCESSOR_DEFINITIONS = (
					"DEBUG=1",
					"$(inherited)",
				);
				GCC_WARN_64_TO_32_BIT_CONVERSION = YES;
				GCC_WARN_ABOUT_RETURN_TYPE = YES_ERROR;
				GCC_WARN_UNDECLARED_SELECTOR = YES;
				GCC_WARN_UNINITIALIZED_AUTOS = YES_AGGRESSIVE;
				GCC_WARN_UNUSED_FUNCTION = YES;
				GCC_WARN_UNUSED_VARIABLE = YES;
				IPHONEOS_DEPLOYMENT_TARGET = 14.5;
				MTL_ENABLE_DEBUG_INFO = INCLUDE_SOURCE;
				MTL_FAST_MATH = YES;
				ONLY_ACTIVE_ARCH = YES;
				SDKROOT = iphoneos;
				SWIFT_ACTIVE_COMPILATION_CONDITIONS = DEBUG;
				SWIFT_OPTIMIZATION_LEVEL = "-Onone";
			};
			name = Debug;
		};
		227B923E275F271E00F829A8 /* Release */ = {
			isa = XCBuildConfiguration;
			buildSettings = {
				ALWAYS_SEARCH_USER_PATHS = NO;
				CLANG_ANALYZER_NONNULL = YES;
				CLANG_ANALYZER_NUMBER_OBJECT_CONVERSION = YES_AGGRESSIVE;
				CLANG_CXX_LANGUAGE_STANDARD = "gnu++14";
				CLANG_CXX_LIBRARY = "libc++";
				CLANG_ENABLE_MODULES = YES;
				CLANG_ENABLE_OBJC_ARC = YES;
				CLANG_ENABLE_OBJC_WEAK = YES;
				CLANG_WARN_BLOCK_CAPTURE_AUTORELEASING = YES;
				CLANG_WARN_BOOL_CONVERSION = YES;
				CLANG_WARN_COMMA = YES;
				CLANG_WARN_CONSTANT_CONVERSION = YES;
				CLANG_WARN_DEPRECATED_OBJC_IMPLEMENTATIONS = YES;
				CLANG_WARN_DIRECT_OBJC_ISA_USAGE = YES_ERROR;
				CLANG_WARN_DOCUMENTATION_COMMENTS = YES;
				CLANG_WARN_EMPTY_BODY = YES;
				CLANG_WARN_ENUM_CONVERSION = YES;
				CLANG_WARN_INFINITE_RECURSION = YES;
				CLANG_WARN_INT_CONVERSION = YES;
				CLANG_WARN_NON_LITERAL_NULL_CONVERSION = YES;
				CLANG_WARN_OBJC_IMPLICIT_RETAIN_SELF = YES;
				CLANG_WARN_OBJC_LITERAL_CONVERSION = YES;
				CLANG_WARN_OBJC_ROOT_CLASS = YES_ERROR;
				CLANG_WARN_QUOTED_INCLUDE_IN_FRAMEWORK_HEADER = YES;
				CLANG_WARN_RANGE_LOOP_ANALYSIS = YES;
				CLANG_WARN_STRICT_PROTOTYPES = YES;
				CLANG_WARN_SUSPICIOUS_MOVE = YES;
				CLANG_WARN_UNGUARDED_AVAILABILITY = YES_AGGRESSIVE;
				CLANG_WARN_UNREACHABLE_CODE = YES;
				CLANG_WARN__DUPLICATE_METHOD_MATCH = YES;
				COPY_PHASE_STRIP = NO;
				DEBUG_INFORMATION_FORMAT = "dwarf-with-dsym";
				ENABLE_NS_ASSERTIONS = NO;
				ENABLE_STRICT_OBJC_MSGSEND = YES;
				GCC_C_LANGUAGE_STANDARD = gnu11;
				GCC_NO_COMMON_BLOCKS = YES;
				GCC_WARN_64_TO_32_BIT_CONVERSION = YES;
				GCC_WARN_ABOUT_RETURN_TYPE = YES_ERROR;
				GCC_WARN_UNDECLARED_SELECTOR = YES;
				GCC_WARN_UNINITIALIZED_AUTOS = YES_AGGRESSIVE;
				GCC_WARN_UNUSED_FUNCTION = YES;
				GCC_WARN_UNUSED_VARIABLE = YES;
				IPHONEOS_DEPLOYMENT_TARGET = 14.5;
				MTL_ENABLE_DEBUG_INFO = NO;
				MTL_FAST_MATH = YES;
				SDKROOT = iphoneos;
				SWIFT_COMPILATION_MODE = wholemodule;
				SWIFT_OPTIMIZATION_LEVEL = "-O";
				VALIDATE_PRODUCT = YES;
			};
			name = Release;
		};
		227B9240275F271E00F829A8 /* Debug */ = {
			isa = XCBuildConfiguration;
			buildSettings = {
				ASSETCATALOG_COMPILER_APPICON_NAME = AppIcon;
				ASSETCATALOG_COMPILER_GLOBAL_ACCENT_COLOR_NAME = AccentColor;
				CODE_SIGN_STYLE = Automatic;
				DEVELOPMENT_TEAM = 8J5PZWQ82G;
				INFOPLIST_FILE = "FaceID TouchID/Info.plist";
				IPHONEOS_DEPLOYMENT_TARGET = 12.3;
				LD_RUNPATH_SEARCH_PATHS = (
					"$(inherited)",
					"@executable_path/Frameworks",
				);
				PRODUCT_BUNDLE_IDENTIFIER = "zeroit.FaceID-TouchID";
				PRODUCT_NAME = "$(TARGET_NAME)";
				SWIFT_VERSION = 5.0;
				TARGETED_DEVICE_FAMILY = 1;
			};
			name = Debug;
		};
		227B9241275F271E00F829A8 /* Release */ = {
			isa = XCBuildConfiguration;
			buildSettings = {
				ASSETCATALOG_COMPILER_APPICON_NAME = AppIcon;
				ASSETCATALOG_COMPILER_GLOBAL_ACCENT_COLOR_NAME = AccentColor;
				CODE_SIGN_STYLE = Automatic;
				DEVELOPMENT_TEAM = 8J5PZWQ82G;
				INFOPLIST_FILE = "FaceID TouchID/Info.plist";
				IPHONEOS_DEPLOYMENT_TARGET = 12.3;
				LD_RUNPATH_SEARCH_PATHS = (
					"$(inherited)",
					"@executable_path/Frameworks",
				);
				PRODUCT_BUNDLE_IDENTIFIER = "zeroit.FaceID-TouchID";
				PRODUCT_NAME = "$(TARGET_NAME)";
				SWIFT_VERSION = 5.0;
				TARGETED_DEVICE_FAMILY = 1;
			};
			name = Release;
		};
/* End XCBuildConfiguration section */

/* Begin XCConfigurationList section */
		227B9226275F271A00F829A8 /* Build configuration list for PBXProject "FaceID TouchID" */ = {
			isa = XCConfigurationList;
			buildConfigurations = (
				227B923D275F271E00F829A8 /* Debug */,
				227B923E275F271E00F829A8 /* Release */,
			);
			defaultConfigurationIsVisible = 0;
			defaultConfigurationName = Release;
		};
		227B923F275F271E00F829A8 /* Build configuration list for PBXNativeTarget "FaceID TouchID" */ = {
			isa = XCConfigurationList;
			buildConfigurations = (
				227B9240275F271E00F829A8 /* Debug */,
				227B9241275F271E00F829A8 /* Release */,
			);
			defaultConfigurationIsVisible = 0;
			defaultConfigurationName = Release;
		};
/* End XCConfigurationList section */
	};
	rootObject = 227B9223275F271A00F829A8 /* Project object */;
}
